
Microsoft Visual Studio Solution File, Format Version 12.00
# Visual Studio Version 17
VisualStudioVersion = 17.4.33213.308
MinimumVisualStudioVersion = 10.0.40219.1
Project("{FAE04EC0-301F-11D3-BF4B-00C04F79EFBC}") = "SpacePuzzleBobble", "SpacePuzzleBobble\SpacePuzzleBobble.csproj", "{2E7DAC0B-DBBD-4C87-B08B-42647A712D3C}"
EndProject
Global
	GlobalSection(SolutionConfigurationPlatforms) = preSolution
		Debug|Any CPU = Debug|Any CPU
		Release|Any CPU = Release|Any CPU
	EndGlobalSection
	GlobalSection(ProjectConfigurationPlatforms) = postSolution
		{2E7DAC0B-DBBD-4C87-B08B-42647A712D3C}.Debug|Any CPU.ActiveCfg = Debug|Any CPU
		{2E7DAC0B-DBBD-4C87-B08B-42647A712D3C}.Debug|Any CPU.Build.0 = Debug|Any CPU
		{2E7DAC0B-DBBD-4C87-B08B-42647A712D3C}.Release|Any CPU.ActiveCfg = Release|Any CPU
		{2E7DAC0B-DBBD-4C87-B08B-42647A712D3C}.Release|Any CPU.Build.0 = Release|Any CPU
	EndGlobalSection
	GlobalSection(SolutionProperties) = preSolution
		HideSolutionNode = FALSE
	EndGlobalSection
	GlobalSection(ExtensibilityGlobals) = postSolution
		SolutionGuid = {90A6F5CF-D420-4CC5-A230-ADF9557E6FAE}
	EndGlobalSection
EndGlobal
